// !$*UTF8*$!
{
	archiveVersion = 1;
	classes = {
	};
	objectVersion = 46;
	objects = {

/* Begin PBXBuildFile section */
		180A91E11B4EBE5700FA2AD4 /* XMLReader.m in Sources */ = {isa = PBXBuildFile; fileRef = 180A91E01B4EBE5700FA2AD4 /* XMLReader.m */; };
		18127EA31B45CF4C00B820DF /* ITServerManager.m in Sources */ = {isa = PBXBuildFile; fileRef = 18127EA21B45CF4C00B820DF /* ITServerManager.m */; };
		18127EAA1B45CFAF00B820DF /* ITImageItem.m in Sources */ = {isa = PBXBuildFile; fileRef = 18127EA71B45CFAE00B820DF /* ITImageItem.m */; };
		18127EAB1B45CFAF00B820DF /* ITModelImages.m in Sources */ = {isa = PBXBuildFile; fileRef = 18127EA91B45CFAE00B820DF /* ITModelImages.m */; };
		18127EAF1B45D02B00B820DF /* ITSettings.m in Sources */ = {isa = PBXBuildFile; fileRef = 18127EAE1B45D02B00B820DF /* ITSettings.m */; };
		18127EB31B45DA7C00B820DF /* ITImagesViewController.m in Sources */ = {isa = PBXBuildFile; fileRef = 18127EB21B45DA7C00B820DF /* ITImagesViewController.m */; };
		18C7F4FF1B45840C0015B4D5 /* Accounts.framework in Frameworks */ = {isa = PBXBuildFile; fileRef = 18C7F4FE1B45840C0015B4D5 /* Accounts.framework */; };
		18C7F5011B4584230015B4D5 /* Security.framework in Frameworks */ = {isa = PBXBuildFile; fileRef = 18C7F5001B4584230015B4D5 /* Security.framework */; };
		18C7F5031B45845A0015B4D5 /* CoreGraphics.framework in Frameworks */ = {isa = PBXBuildFile; fileRef = 18C7F5021B45845A0015B4D5 /* CoreGraphics.framework */; };
		18C7F5051B4584640015B4D5 /* Foundation.framework in Frameworks */ = {isa = PBXBuildFile; fileRef = 18C7F5041B4584640015B4D5 /* Foundation.framework */; };
		18C7F5071B4584760015B4D5 /* UIKit.framework in Frameworks */ = {isa = PBXBuildFile; fileRef = 18C7F5061B4584760015B4D5 /* UIKit.framework */; };
		18C7F5091B45854F0015B4D5 /* libxml2.dylib in Frameworks */ = {isa = PBXBuildFile; fileRef = 18C7F5081B45854F0015B4D5 /* libxml2.dylib */; };
		18C81E751B464DC1005DC8BC /* ITImageTableViewCell.m in Sources */ = {isa = PBXBuildFile; fileRef = 18C81E741B464DC1005DC8BC /* ITImageTableViewCell.m */; };
		18C81E7B1B4668C4005DC8BC /* UIImage+SCCropImageToCircleWithBorder.m in Sources */ = {isa = PBXBuildFile; fileRef = 18C81E781B4668C4005DC8BC /* UIImage+SCCropImageToCircleWithBorder.m */; };
		18C81E801B466D30005DC8BC /* ITImagePresentViewController.m in Sources */ = {isa = PBXBuildFile; fileRef = 18C81E7F1B466D30005DC8BC /* ITImagePresentViewController.m */; };
		18C81E881B469331005DC8BC /* SVIndefiniteAnimatedView.m in Sources */ = {isa = PBXBuildFile; fileRef = 18C81E831B469331005DC8BC /* SVIndefiniteAnimatedView.m */; };
		18C81E891B469331005DC8BC /* SVProgressHUD.bundle in Resources */ = {isa = PBXBuildFile; fileRef = 18C81E851B469331005DC8BC /* SVProgressHUD.bundle */; };
		18C81E8A1B469331005DC8BC /* SVProgressHUD.m in Sources */ = {isa = PBXBuildFile; fileRef = 18C81E871B469331005DC8BC /* SVProgressHUD.m */; };
		18C81E8C1B4699F1005DC8BC /* CoreData.framework in Frameworks */ = {isa = PBXBuildFile; fileRef = 18C81E8B1B4699F1005DC8BC /* CoreData.framework */; };
		18C81E8E1B46BC0F005DC8BC /* SOAPEngine64.framework in Frameworks */ = {isa = PBXBuildFile; fileRef = 18C81E8D1B46BC0F005DC8BC /* SOAPEngine64.framework */; };
		18C81E9C1B46F36C005DC8BC /* JTSAnimatedGIFUtility.m in Sources */ = {isa = PBXBuildFile; fileRef = 18C81E911B46F36C005DC8BC /* JTSAnimatedGIFUtility.m */; };
		18C81E9D1B46F36C005DC8BC /* JTSImageInfo.m in Sources */ = {isa = PBXBuildFile; fileRef = 18C81E931B46F36C005DC8BC /* JTSImageInfo.m */; };
		18C81E9E1B46F36C005DC8BC /* JTSImageViewController.m in Sources */ = {isa = PBXBuildFile; fileRef = 18C81E951B46F36C005DC8BC /* JTSImageViewController.m */; };
		18C81E9F1B46F36C005DC8BC /* JTSSimpleImageDownloader.m in Sources */ = {isa = PBXBuildFile; fileRef = 18C81E971B46F36C005DC8BC /* JTSSimpleImageDownloader.m */; };
		18C81EA01B46F36C005DC8BC /* UIApplication+JTSImageViewController.m in Sources */ = {isa = PBXBuildFile; fileRef = 18C81E991B46F36C005DC8BC /* UIApplication+JTSImageViewController.m */; };
		18C81EA11B46F36C005DC8BC /* UIImage+JTSImageEffects.m in Sources */ = {isa = PBXBuildFile; fileRef = 18C81E9B1B46F36C005DC8BC /* UIImage+JTSImageEffects.m */; };
		18C81EA31B46FA60005DC8BC /* Settings.bundle in Resources */ = {isa = PBXBuildFile; fileRef = 18C81EA21B46FA60005DC8BC /* Settings.bundle */; };
		18CF2BC61B452FFA00288715 /* main.m in Sources */ = {isa = PBXBuildFile; fileRef = 18CF2BC51B452FFA00288715 /* main.m */; };
		18CF2BC91B452FFA00288715 /* AppDelegate.m in Sources */ = {isa = PBXBuildFile; fileRef = 18CF2BC81B452FFA00288715 /* AppDelegate.m */; };
		18CF2BD21B452FFA00288715 /* Main-ipad.storyboard in Resources */ = {isa = PBXBuildFile; fileRef = 18CF2BD01B452FFA00288715 /* Main-ipad.storyboard */; };
		18CF2BD41B452FFA00288715 /* Images.xcassets in Resources */ = {isa = PBXBuildFile; fileRef = 18CF2BD31B452FFA00288715 /* Images.xcassets */; };
		18CF2BD71B452FFA00288715 /* LaunchScreen.xib in Resources */ = {isa = PBXBuildFile; fileRef = 18CF2BD51B452FFA00288715 /* LaunchScreen.xib */; };
		18CF2BE31B452FFB00288715 /* imagesTests.m in Sources */ = {isa = PBXBuildFile; fileRef = 18CF2BE21B452FFB00288715 /* imagesTests.m */; };
		18CF2BED1B4530A100288715 /* Main-iphone.storyboard in Resources */ = {isa = PBXBuildFile; fileRef = 18CF2BEC1B4530A100288715 /* Main-iphone.storyboard */; };
/* End PBXBuildFile section */

/* Begin PBXContainerItemProxy section */
		18CF2BDD1B452FFA00288715 /* PBXContainerItemProxy */ = {
			isa = PBXContainerItemProxy;
			containerPortal = 18CF2BB81B452FFA00288715 /* Project object */;
			proxyType = 1;
			remoteGlobalIDString = 18CF2BBF1B452FFA00288715;
			remoteInfo = images;
		};
/* End PBXContainerItemProxy section */

/* Begin PBXFileReference section */
		180A91DF1B4EBE5700FA2AD4 /* XMLReader.h */ = {isa = PBXFileReference; fileEncoding = 4; lastKnownFileType = sourcecode.c.h; path = XMLReader.h; sourceTree = "<group>"; };
		180A91E01B4EBE5700FA2AD4 /* XMLReader.m */ = {isa = PBXFileReference; fileEncoding = 4; lastKnownFileType = sourcecode.c.objc; path = XMLReader.m; sourceTree = "<group>"; };
		18127EA11B45CF4C00B820DF /* ITServerManager.h */ = {isa = PBXFileReference; fileEncoding = 4; lastKnownFileType = sourcecode.c.h; path = ITServerManager.h; sourceTree = "<group>"; };
		18127EA21B45CF4C00B820DF /* ITServerManager.m */ = {isa = PBXFileReference; fileEncoding = 4; lastKnownFileType = sourcecode.c.objc; path = ITServerManager.m; sourceTree = "<group>"; };
		18127EA61B45CFAE00B820DF /* ITImageItem.h */ = {isa = PBXFileReference; fileEncoding = 4; lastKnownFileType = sourcecode.c.h; path = ITImageItem.h; sourceTree = "<group>"; };
		18127EA71B45CFAE00B820DF /* ITImageItem.m */ = {isa = PBXFileReference; fileEncoding = 4; lastKnownFileType = sourcecode.c.objc; path = ITImageItem.m; sourceTree = "<group>"; };
		18127EA81B45CFAE00B820DF /* ITModelImages.h */ = {isa = PBXFileReference; fileEncoding = 4; lastKnownFileType = sourcecode.c.h; path = ITModelImages.h; sourceTree = "<group>"; };
		18127EA91B45CFAE00B820DF /* ITModelImages.m */ = {isa = PBXFileReference; fileEncoding = 4; lastKnownFileType = sourcecode.c.objc; path = ITModelImages.m; sourceTree = "<group>"; };
		18127EAD1B45D02B00B820DF /* ITSettings.h */ = {isa = PBXFileReference; fileEncoding = 4; lastKnownFileType = sourcecode.c.h; path = ITSettings.h; sourceTree = "<group>"; };
		18127EAE1B45D02B00B820DF /* ITSettings.m */ = {isa = PBXFileReference; fileEncoding = 4; lastKnownFileType = sourcecode.c.objc; path = ITSettings.m; sourceTree = "<group>"; };
		18127EB11B45DA7C00B820DF /* ITImagesViewController.h */ = {isa = PBXFileReference; fileEncoding = 4; lastKnownFileType = sourcecode.c.h; path = ITImagesViewController.h; sourceTree = "<group>"; };
		18127EB21B45DA7C00B820DF /* ITImagesViewController.m */ = {isa = PBXFileReference; fileEncoding = 4; lastKnownFileType = sourcecode.c.objc; path = ITImagesViewController.m; sourceTree = "<group>"; };
		18C7F4FE1B45840C0015B4D5 /* Accounts.framework */ = {isa = PBXFileReference; lastKnownFileType = wrapper.framework; name = Accounts.framework; path = System/Library/Frameworks/Accounts.framework; sourceTree = SDKROOT; };
		18C7F5001B4584230015B4D5 /* Security.framework */ = {isa = PBXFileReference; lastKnownFileType = wrapper.framework; name = Security.framework; path = System/Library/Frameworks/Security.framework; sourceTree = SDKROOT; };
		18C7F5021B45845A0015B4D5 /* CoreGraphics.framework */ = {isa = PBXFileReference; lastKnownFileType = wrapper.framework; name = CoreGraphics.framework; path = System/Library/Frameworks/CoreGraphics.framework; sourceTree = SDKROOT; };
		18C7F5041B4584640015B4D5 /* Foundation.framework */ = {isa = PBXFileReference; lastKnownFileType = wrapper.framework; name = Foundation.framework; path = System/Library/Frameworks/Foundation.framework; sourceTree = SDKROOT; };
		18C7F5061B4584760015B4D5 /* UIKit.framework */ = {isa = PBXFileReference; lastKnownFileType = wrapper.framework; name = UIKit.framework; path = System/Library/Frameworks/UIKit.framework; sourceTree = SDKROOT; };
		18C7F5081B45854F0015B4D5 /* libxml2.dylib */ = {isa = PBXFileReference; lastKnownFileType = "compiled.mach-o.dylib"; name = libxml2.dylib; path = usr/lib/libxml2.dylib; sourceTree = SDKROOT; };
		18C81E731B464DC1005DC8BC /* ITImageTableViewCell.h */ = {isa = PBXFileReference; fileEncoding = 4; lastKnownFileType = sourcecode.c.h; path = ITImageTableViewCell.h; sourceTree = "<group>"; };
		18C81E741B464DC1005DC8BC /* ITImageTableViewCell.m */ = {isa = PBXFileReference; fileEncoding = 4; lastKnownFileType = sourcecode.c.objc; path = ITImageTableViewCell.m; sourceTree = "<group>"; };
		18C81E771B4668C3005DC8BC /* UIImage+SCCropImageToCircleWithBorder.h */ = {isa = PBXFileReference; fileEncoding = 4; lastKnownFileType = sourcecode.c.h; path = "UIImage+SCCropImageToCircleWithBorder.h"; sourceTree = "<group>"; };
		18C81E781B4668C4005DC8BC /* UIImage+SCCropImageToCircleWithBorder.m */ = {isa = PBXFileReference; fileEncoding = 4; lastKnownFileType = sourcecode.c.objc; path = "UIImage+SCCropImageToCircleWithBorder.m"; sourceTree = "<group>"; };
		18C81E7E1B466D30005DC8BC /* ITImagePresentViewController.h */ = {isa = PBXFileReference; fileEncoding = 4; lastKnownFileType = sourcecode.c.h; path = ITImagePresentViewController.h; sourceTree = "<group>"; };
		18C81E7F1B466D30005DC8BC /* ITImagePresentViewController.m */ = {isa = PBXFileReference; fileEncoding = 4; lastKnownFileType = sourcecode.c.objc; path = ITImagePresentViewController.m; sourceTree = "<group>"; };
		18C81E821B469331005DC8BC /* SVIndefiniteAnimatedView.h */ = {isa = PBXFileReference; fileEncoding = 4; lastKnownFileType = sourcecode.c.h; path = SVIndefiniteAnimatedView.h; sourceTree = "<group>"; };
		18C81E831B469331005DC8BC /* SVIndefiniteAnimatedView.m */ = {isa = PBXFileReference; fileEncoding = 4; lastKnownFileType = sourcecode.c.objc; path = SVIndefiniteAnimatedView.m; sourceTree = "<group>"; };
		18C81E841B469331005DC8BC /* SVProgressHUD-Prefix.pch */ = {isa = PBXFileReference; fileEncoding = 4; lastKnownFileType = sourcecode.c.h; path = "SVProgressHUD-Prefix.pch"; sourceTree = "<group>"; };
		18C81E851B469331005DC8BC /* SVProgressHUD.bundle */ = {isa = PBXFileReference; lastKnownFileType = "wrapper.plug-in"; path = SVProgressHUD.bundle; sourceTree = "<group>"; };
		18C81E861B469331005DC8BC /* SVProgressHUD.h */ = {isa = PBXFileReference; fileEncoding = 4; lastKnownFileType = sourcecode.c.h; path = SVProgressHUD.h; sourceTree = "<group>"; };
		18C81E871B469331005DC8BC /* SVProgressHUD.m */ = {isa = PBXFileReference; fileEncoding = 4; lastKnownFileType = sourcecode.c.objc; path = SVProgressHUD.m; sourceTree = "<group>"; };
		18C81E8B1B4699F1005DC8BC /* CoreData.framework */ = {isa = PBXFileReference; lastKnownFileType = wrapper.framework; name = CoreData.framework; path = System/Library/Frameworks/CoreData.framework; sourceTree = SDKROOT; };
		18C81E8D1B46BC0F005DC8BC /* SOAPEngine64.framework */ = {isa = PBXFileReference; lastKnownFileType = wrapper.framework; path = SOAPEngine64.framework; sourceTree = "<group>"; };
		18C81E901B46F36C005DC8BC /* JTSAnimatedGIFUtility.h */ = {isa = PBXFileReference; fileEncoding = 4; lastKnownFileType = sourcecode.c.h; path = JTSAnimatedGIFUtility.h; sourceTree = "<group>"; };
		18C81E911B46F36C005DC8BC /* JTSAnimatedGIFUtility.m */ = {isa = PBXFileReference; fileEncoding = 4; lastKnownFileType = sourcecode.c.objc; path = JTSAnimatedGIFUtility.m; sourceTree = "<group>"; };
		18C81E921B46F36C005DC8BC /* JTSImageInfo.h */ = {isa = PBXFileReference; fileEncoding = 4; lastKnownFileType = sourcecode.c.h; path = JTSImageInfo.h; sourceTree = "<group>"; };
		18C81E931B46F36C005DC8BC /* JTSImageInfo.m */ = {isa = PBXFileReference; fileEncoding = 4; lastKnownFileType = sourcecode.c.objc; path = JTSImageInfo.m; sourceTree = "<group>"; };
		18C81E941B46F36C005DC8BC /* JTSImageViewController.h */ = {isa = PBXFileReference; fileEncoding = 4; lastKnownFileType = sourcecode.c.h; path = JTSImageViewController.h; sourceTree = "<group>"; };
		18C81E951B46F36C005DC8BC /* JTSImageViewController.m */ = {isa = PBXFileReference; fileEncoding = 4; lastKnownFileType = sourcecode.c.objc; path = JTSImageViewController.m; sourceTree = "<group>"; };
		18C81E961B46F36C005DC8BC /* JTSSimpleImageDownloader.h */ = {isa = PBXFileReference; fileEncoding = 4; lastKnownFileType = sourcecode.c.h; path = JTSSimpleImageDownloader.h; sourceTree = "<group>"; };
		18C81E971B46F36C005DC8BC /* JTSSimpleImageDownloader.m */ = {isa = PBXFileReference; fileEncoding = 4; lastKnownFileType = sourcecode.c.objc; path = JTSSimpleImageDownloader.m; sourceTree = "<group>"; };
		18C81E981B46F36C005DC8BC /* UIApplication+JTSImageViewController.h */ = {isa = PBXFileReference; fileEncoding = 4; lastKnownFileType = sourcecode.c.h; path = "UIApplication+JTSImageViewController.h"; sourceTree = "<group>"; };
		18C81E991B46F36C005DC8BC /* UIApplication+JTSImageViewController.m */ = {isa = PBXFileReference; fileEncoding = 4; lastKnownFileType = sourcecode.c.objc; path = "UIApplication+JTSImageViewController.m"; sourceTree = "<group>"; };
		18C81E9A1B46F36C005DC8BC /* UIImage+JTSImageEffects.h */ = {isa = PBXFileReference; fileEncoding = 4; lastKnownFileType = sourcecode.c.h; path = "UIImage+JTSImageEffects.h"; sourceTree = "<group>"; };
		18C81E9B1B46F36C005DC8BC /* UIImage+JTSImageEffects.m */ = {isa = PBXFileReference; fileEncoding = 4; lastKnownFileType = sourcecode.c.objc; path = "UIImage+JTSImageEffects.m"; sourceTree = "<group>"; };
		18C81EA21B46FA60005DC8BC /* Settings.bundle */ = {isa = PBXFileReference; lastKnownFileType = "wrapper.plug-in"; name = Settings.bundle; path = ../Settings.bundle; sourceTree = "<group>"; };
		18CF2BC01B452FFA00288715 /* images.app */ = {isa = PBXFileReference; explicitFileType = wrapper.application; includeInIndex = 0; path = images.app; sourceTree = BUILT_PRODUCTS_DIR; };
		18CF2BC41B452FFA00288715 /* Info.plist */ = {isa = PBXFileReference; lastKnownFileType = text.plist.xml; path = Info.plist; sourceTree = "<group>"; };
		18CF2BC51B452FFA00288715 /* main.m */ = {isa = PBXFileReference; lastKnownFileType = sourcecode.c.objc; path = main.m; sourceTree = "<group>"; };
		18CF2BC71B452FFA00288715 /* AppDelegate.h */ = {isa = PBXFileReference; lastKnownFileType = sourcecode.c.h; path = AppDelegate.h; sourceTree = "<group>"; };
		18CF2BC81B452FFA00288715 /* AppDelegate.m */ = {isa = PBXFileReference; lastKnownFileType = sourcecode.c.objc; path = AppDelegate.m; sourceTree = "<group>"; };
		18CF2BD11B452FFA00288715 /* Base */ = {isa = PBXFileReference; lastKnownFileType = file.storyboard; name = Base; path = "Base.lproj/Main-ipad.storyboard"; sourceTree = "<group>"; };
		18CF2BD31B452FFA00288715 /* Images.xcassets */ = {isa = PBXFileReference; lastKnownFileType = folder.assetcatalog; path = Images.xcassets; sourceTree = "<group>"; };
		18CF2BD61B452FFA00288715 /* Base */ = {isa = PBXFileReference; lastKnownFileType = file.xib; name = Base; path = Base.lproj/LaunchScreen.xib; sourceTree = "<group>"; };
		18CF2BDC1B452FFA00288715 /* imagesTests.xctest */ = {isa = PBXFileReference; explicitFileType = wrapper.cfbundle; includeInIndex = 0; path = imagesTests.xctest; sourceTree = BUILT_PRODUCTS_DIR; };
		18CF2BE11B452FFA00288715 /* Info.plist */ = {isa = PBXFileReference; lastKnownFileType = text.plist.xml; path = Info.plist; sourceTree = "<group>"; };
		18CF2BE21B452FFB00288715 /* imagesTests.m */ = {isa = PBXFileReference; lastKnownFileType = sourcecode.c.objc; path = imagesTests.m; sourceTree = "<group>"; };
		18CF2BEC1B4530A100288715 /* Main-iphone.storyboard */ = {isa = PBXFileReference; fileEncoding = 4; lastKnownFileType = file.storyboard; path = "Main-iphone.storyboard"; sourceTree = "<group>"; };
/* End PBXFileReference section */

/* Begin PBXFrameworksBuildPhase section */
		18CF2BBD1B452FFA00288715 /* Frameworks */ = {
			isa = PBXFrameworksBuildPhase;
			buildActionMask = 2147483647;
			files = (
				18C81E8C1B4699F1005DC8BC /* CoreData.framework in Frameworks */,
				18C7F5091B45854F0015B4D5 /* libxml2.dylib in Frameworks */,
				18C7F5071B4584760015B4D5 /* UIKit.framework in Frameworks */,
				18C7F5051B4584640015B4D5 /* Foundation.framework in Frameworks */,
				18C7F5031B45845A0015B4D5 /* CoreGraphics.framework in Frameworks */,
				18C81E8E1B46BC0F005DC8BC /* SOAPEngine64.framework in Frameworks */,
				18C7F5011B4584230015B4D5 /* Security.framework in Frameworks */,
				18C7F4FF1B45840C0015B4D5 /* Accounts.framework in Frameworks */,
			);
			runOnlyForDeploymentPostprocessing = 0;
		};
		18CF2BD91B452FFA00288715 /* Frameworks */ = {
			isa = PBXFrameworksBuildPhase;
			buildActionMask = 2147483647;
			files = (
			);
			runOnlyForDeploymentPostprocessing = 0;
		};
/* End PBXFrameworksBuildPhase section */

/* Begin PBXGroup section */
		18127EA41B45CF5500B820DF /* Network */ = {
			isa = PBXGroup;
			children = (
				18127EA11B45CF4C00B820DF /* ITServerManager.h */,
				18127EA21B45CF4C00B820DF /* ITServerManager.m */,
			);
			name = Network;
			sourceTree = "<group>";
		};
		18127EA51B45CF8300B820DF /* Interface */ = {
			isa = PBXGroup;
			children = (
				18C81E761B464DCA005DC8BC /* Widgets */,
				18127EB11B45DA7C00B820DF /* ITImagesViewController.h */,
				18127EB21B45DA7C00B820DF /* ITImagesViewController.m */,
				18C81E7E1B466D30005DC8BC /* ITImagePresentViewController.h */,
				18C81E7F1B466D30005DC8BC /* ITImagePresentViewController.m */,
				18CF2BEC1B4530A100288715 /* Main-iphone.storyboard */,
				18CF2BD01B452FFA00288715 /* Main-ipad.storyboard */,
			);
			name = Interface;
			sourceTree = "<group>";
		};
		18127EAC1B45CFEF00B820DF /* Models */ = {
			isa = PBXGroup;
			children = (
				18127EA61B45CFAE00B820DF /* ITImageItem.h */,
				18127EA71B45CFAE00B820DF /* ITImageItem.m */,
				18127EA81B45CFAE00B820DF /* ITModelImages.h */,
				18127EA91B45CFAE00B820DF /* ITModelImages.m */,
			);
			name = Models;
			sourceTree = "<group>";
		};
		18127EB01B45D03B00B820DF /* Settings */ = {
			isa = PBXGroup;
			children = (
				18127EAD1B45D02B00B820DF /* ITSettings.h */,
				18127EAE1B45D02B00B820DF /* ITSettings.m */,
			);
			name = Settings;
			sourceTree = "<group>";
		};
		18C7F52F1B45ADAB0015B4D5 /* Frameworks */ = {
			isa = PBXGroup;
			children = (
				180A91DF1B4EBE5700FA2AD4 /* XMLReader.h */,
				180A91E01B4EBE5700FA2AD4 /* XMLReader.m */,
				18C81E8F1B46F36C005DC8BC /* JTSImageViewController */,
				18C81E8D1B46BC0F005DC8BC /* SOAPEngine64.framework */,
				18C81E811B469331005DC8BC /* SVProgressHUD */,
				18C81E8B1B4699F1005DC8BC /* CoreData.framework */,
				18C7F5081B45854F0015B4D5 /* libxml2.dylib */,
				18C7F5061B4584760015B4D5 /* UIKit.framework */,
				18C7F5041B4584640015B4D5 /* Foundation.framework */,
				18C7F5021B45845A0015B4D5 /* CoreGraphics.framework */,
				18C7F5001B4584230015B4D5 /* Security.framework */,
				18C7F4FE1B45840C0015B4D5 /* Accounts.framework */,
			);
			name = Frameworks;
			path = ..;
			sourceTree = "<group>";
		};
		18C81E761B464DCA005DC8BC /* Widgets */ = {
			isa = PBXGroup;
			children = (
				18C81E731B464DC1005DC8BC /* ITImageTableViewCell.h */,
				18C81E741B464DC1005DC8BC /* ITImageTableViewCell.m */,
			);
			name = Widgets;
			sourceTree = "<group>";
		};
		18C81E7D1B4668C9005DC8BC /* Category */ = {
			isa = PBXGroup;
			children = (
				18C81E771B4668C3005DC8BC /* UIImage+SCCropImageToCircleWithBorder.h */,
				18C81E781B4668C4005DC8BC /* UIImage+SCCropImageToCircleWithBorder.m */,
			);
			name = Category;
			sourceTree = "<group>";
		};
		18C81E811B469331005DC8BC /* SVProgressHUD */ = {
			isa = PBXGroup;
			children = (
				18C81E821B469331005DC8BC /* SVIndefiniteAnimatedView.h */,
				18C81E831B469331005DC8BC /* SVIndefiniteAnimatedView.m */,
				18C81E841B469331005DC8BC /* SVProgressHUD-Prefix.pch */,
				18C81E851B469331005DC8BC /* SVProgressHUD.bundle */,
				18C81E861B469331005DC8BC /* SVProgressHUD.h */,
				18C81E871B469331005DC8BC /* SVProgressHUD.m */,
			);
			path = SVProgressHUD;
			sourceTree = "<group>";
		};
		18C81E8F1B46F36C005DC8BC /* JTSImageViewController */ = {
			isa = PBXGroup;
			children = (
				18C81E901B46F36C005DC8BC /* JTSAnimatedGIFUtility.h */,
				18C81E911B46F36C005DC8BC /* JTSAnimatedGIFUtility.m */,
				18C81E921B46F36C005DC8BC /* JTSImageInfo.h */,
				18C81E931B46F36C005DC8BC /* JTSImageInfo.m */,
				18C81E941B46F36C005DC8BC /* JTSImageViewController.h */,
				18C81E951B46F36C005DC8BC /* JTSImageViewController.m */,
				18C81E961B46F36C005DC8BC /* JTSSimpleImageDownloader.h */,
				18C81E971B46F36C005DC8BC /* JTSSimpleImageDownloader.m */,
				18C81E981B46F36C005DC8BC /* UIApplication+JTSImageViewController.h */,
				18C81E991B46F36C005DC8BC /* UIApplication+JTSImageViewController.m */,
				18C81E9A1B46F36C005DC8BC /* UIImage+JTSImageEffects.h */,
				18C81E9B1B46F36C005DC8BC /* UIImage+JTSImageEffects.m */,
			);
			name = JTSImageViewController;
			path = Source;
			sourceTree = "<group>";
		};
		18CF2BB71B452FFA00288715 = {
			isa = PBXGroup;
			children = (
				18CF2BC21B452FFA00288715 /* images */,
				18CF2BDF1B452FFA00288715 /* imagesTests */,
				18CF2BC11B452FFA00288715 /* Products */,
			);
			sourceTree = "<group>";
		};
		18CF2BC11B452FFA00288715 /* Products */ = {
			isa = PBXGroup;
			children = (
				18CF2BC01B452FFA00288715 /* images.app */,
				18CF2BDC1B452FFA00288715 /* imagesTests.xctest */,
			);
			name = Products;
			sourceTree = "<group>";
		};
		18CF2BC21B452FFA00288715 /* images */ = {
			isa = PBXGroup;
			children = (
				18C81E7D1B4668C9005DC8BC /* Category */,
				18127EB01B45D03B00B820DF /* Settings */,
				18127EAC1B45CFEF00B820DF /* Models */,
				18127EA41B45CF5500B820DF /* Network */,
				18127EA51B45CF8300B820DF /* Interface */,
				18CF2BC71B452FFA00288715 /* AppDelegate.h */,
				18CF2BC81B452FFA00288715 /* AppDelegate.m */,
				18CF2BD31B452FFA00288715 /* Images.xcassets */,
				18CF2BD51B452FFA00288715 /* LaunchScreen.xib */,
				18C7F52F1B45ADAB0015B4D5 /* Frameworks */,
				18CF2BC31B452FFA00288715 /* Supporting Files */,
			);
			path = images;
			sourceTree = "<group>";
		};
		18CF2BC31B452FFA00288715 /* Supporting Files */ = {
			isa = PBXGroup;
			children = (
				18C81EA21B46FA60005DC8BC /* Settings.bundle */,
				18CF2BC41B452FFA00288715 /* Info.plist */,
				18CF2BC51B452FFA00288715 /* main.m */,
			);
			name = "Supporting Files";
			sourceTree = "<group>";
		};
		18CF2BDF1B452FFA00288715 /* imagesTests */ = {
			isa = PBXGroup;
			children = (
				18CF2BE21B452FFB00288715 /* imagesTests.m */,
				18CF2BE01B452FFA00288715 /* Supporting Files */,
			);
			path = imagesTests;
			sourceTree = "<group>";
		};
		18CF2BE01B452FFA00288715 /* Supporting Files */ = {
			isa = PBXGroup;
			children = (
				18CF2BE11B452FFA00288715 /* Info.plist */,
			);
			name = "Supporting Files";
			sourceTree = "<group>";
		};
/* End PBXGroup section */

/* Begin PBXNativeTarget section */
		18CF2BBF1B452FFA00288715 /* images */ = {
			isa = PBXNativeTarget;
			buildConfigurationList = 18CF2BE61B452FFB00288715 /* Build configuration list for PBXNativeTarget "images" */;
			buildPhases = (
				18CF2BBC1B452FFA00288715 /* Sources */,
				18CF2BBD1B452FFA00288715 /* Frameworks */,
				18CF2BBE1B452FFA00288715 /* Resources */,
			);
			buildRules = (
			);
			dependencies = (
			);
			name = images;
			productName = images;
			productReference = 18CF2BC01B452FFA00288715 /* images.app */;
			productType = "com.apple.product-type.application";
		};
		18CF2BDB1B452FFA00288715 /* imagesTests */ = {
			isa = PBXNativeTarget;
			buildConfigurationList = 18CF2BE91B452FFB00288715 /* Build configuration list for PBXNativeTarget "imagesTests" */;
			buildPhases = (
				18CF2BD81B452FFA00288715 /* Sources */,
				18CF2BD91B452FFA00288715 /* Frameworks */,
				18CF2BDA1B452FFA00288715 /* Resources */,
			);
			buildRules = (
			);
			dependencies = (
				18CF2BDE1B452FFA00288715 /* PBXTargetDependency */,
			);
			name = imagesTests;
			productName = imagesTests;
			productReference = 18CF2BDC1B452FFA00288715 /* imagesTests.xctest */;
			productType = "com.apple.product-type.bundle.unit-test";
		};
/* End PBXNativeTarget section */

/* Begin PBXProject section */
		18CF2BB81B452FFA00288715 /* Project object */ = {
			isa = PBXProject;
			attributes = {
				LastUpgradeCheck = 0630;
				ORGANIZATIONNAME = "Alex Linnik";
				TargetAttributes = {
					18CF2BBF1B452FFA00288715 = {
						CreatedOnToolsVersion = 6.3.2;
					};
					18CF2BDB1B452FFA00288715 = {
						CreatedOnToolsVersion = 6.3.2;
						TestTargetID = 18CF2BBF1B452FFA00288715;
					};
				};
			};
			buildConfigurationList = 18CF2BBB1B452FFA00288715 /* Build configuration list for PBXProject "images" */;
			compatibilityVersion = "Xcode 3.2";
			developmentRegion = English;
			hasScannedForEncodings = 0;
			knownRegions = (
				en,
				Base,
			);
			mainGroup = 18CF2BB71B452FFA00288715;
			productRefGroup = 18CF2BC11B452FFA00288715 /* Products */;
			projectDirPath = "";
			projectRoot = "";
			targets = (
				18CF2BBF1B452FFA00288715 /* images */,
				18CF2BDB1B452FFA00288715 /* imagesTests */,
			);
		};
/* End PBXProject section */

/* Begin PBXResourcesBuildPhase section */
		18CF2BBE1B452FFA00288715 /* Resources */ = {
			isa = PBXResourcesBuildPhase;
			buildActionMask = 2147483647;
			files = (
				18C81E891B469331005DC8BC /* SVProgressHUD.bundle in Resources */,
				18CF2BD21B452FFA00288715 /* Main-ipad.storyboard in Resources */,
				18CF2BED1B4530A100288715 /* Main-iphone.storyboard in Resources */,
				18CF2BD71B452FFA00288715 /* LaunchScreen.xib in Resources */,
				18C81EA31B46FA60005DC8BC /* Settings.bundle in Resources */,
				18CF2BD41B452FFA00288715 /* Images.xcassets in Resources */,
			);
			runOnlyForDeploymentPostprocessing = 0;
		};
		18CF2BDA1B452FFA00288715 /* Resources */ = {
			isa = PBXResourcesBuildPhase;
			buildActionMask = 2147483647;
			files = (
			);
			runOnlyForDeploymentPostprocessing = 0;
		};
/* End PBXResourcesBuildPhase section */

/* Begin PBXSourcesBuildPhase section */
		18CF2BBC1B452FFA00288715 /* Sources */ = {
			isa = PBXSourcesBuildPhase;
			buildActionMask = 2147483647;
			files = (
				18C81E751B464DC1005DC8BC /* ITImageTableViewCell.m in Sources */,
				180A91E11B4EBE5700FA2AD4 /* XMLReader.m in Sources */,
				18C81EA01B46F36C005DC8BC /* UIApplication+JTSImageViewController.m in Sources */,
				18CF2BC91B452FFA00288715 /* AppDelegate.m in Sources */,
				18C81E9F1B46F36C005DC8BC /* JTSSimpleImageDownloader.m in Sources */,
				18127EA31B45CF4C00B820DF /* ITServerManager.m in Sources */,
				18C81E9C1B46F36C005DC8BC /* JTSAnimatedGIFUtility.m in Sources */,
				18C81EA11B46F36C005DC8BC /* UIImage+JTSImageEffects.m in Sources */,
				18C81E9D1B46F36C005DC8BC /* JTSImageInfo.m in Sources */,
				18C81E9E1B46F36C005DC8BC /* JTSImageViewController.m in Sources */,
				18C81E7B1B4668C4005DC8BC /* UIImage+SCCropImageToCircleWithBorder.m in Sources */,
				18127EB31B45DA7C00B820DF /* ITImagesViewController.m in Sources */,
				18C81E801B466D30005DC8BC /* ITImagePresentViewController.m in Sources */,
				18CF2BC61B452FFA00288715 /* main.m in Sources */,
				18127EAF1B45D02B00B820DF /* ITSettings.m in Sources */,
				18C81E8A1B469331005DC8BC /* SVProgressHUD.m in Sources */,
				18127EAB1B45CFAF00B820DF /* ITModelImages.m in Sources */,
				18127EAA1B45CFAF00B820DF /* ITImageItem.m in Sources */,
				18C81E881B469331005DC8BC /* SVIndefiniteAnimatedView.m in Sources */,
			);
			runOnlyForDeploymentPostprocessing = 0;
		};
		18CF2BD81B452FFA00288715 /* Sources */ = {
			isa = PBXSourcesBuildPhase;
			buildActionMask = 2147483647;
			files = (
				18CF2BE31B452FFB00288715 /* imagesTests.m in Sources */,
			);
			runOnlyForDeploymentPostprocessing = 0;
		};
/* End PBXSourcesBuildPhase section */

/* Begin PBXTargetDependency section */
		18CF2BDE1B452FFA00288715 /* PBXTargetDependency */ = {
			isa = PBXTargetDependency;
			target = 18CF2BBF1B452FFA00288715 /* images */;
			targetProxy = 18CF2BDD1B452FFA00288715 /* PBXContainerItemProxy */;
		};
/* End PBXTargetDependency section */

/* Begin PBXVariantGroup section */
		18CF2BD01B452FFA00288715 /* Main-ipad.storyboard */ = {
			isa = PBXVariantGroup;
			children = (
				18CF2BD11B452FFA00288715 /* Base */,
			);
			name = "Main-ipad.storyboard";
			sourceTree = "<group>";
		};
		18CF2BD51B452FFA00288715 /* LaunchScreen.xib */ = {
			isa = PBXVariantGroup;
			children = (
				18CF2BD61B452FFA00288715 /* Base */,
			);
			name = LaunchScreen.xib;
			sourceTree = "<group>";
		};
/* End PBXVariantGroup section */

/* Begin XCBuildConfiguration section */
		18CF2BE41B452FFB00288715 /* Debug */ = {
			isa = XCBuildConfiguration;
			buildSettings = {
				ALWAYS_SEARCH_USER_PATHS = NO;
				CLANG_CXX_LANGUAGE_STANDARD = "gnu++0x";
				CLANG_CXX_LIBRARY = "libc++";
				CLANG_ENABLE_MODULES = YES;
				CLANG_ENABLE_OBJC_ARC = YES;
				CLANG_WARN_BOOL_CONVERSION = YES;
				CLANG_WARN_CONSTANT_CONVERSION = YES;
				CLANG_WARN_DIRECT_OBJC_ISA_USAGE = YES_ERROR;
				CLANG_WARN_EMPTY_BODY = YES;
				CLANG_WARN_ENUM_CONVERSION = YES;
				CLANG_WARN_INT_CONVERSION = YES;
				CLANG_WARN_OBJC_ROOT_CLASS = YES_ERROR;
				CLANG_WARN_UNREACHABLE_CODE = YES;
				CLANG_WARN__DUPLICATE_METHOD_MATCH = YES;
				"CODE_SIGN_IDENTITY[sdk=iphoneos*]" = "iPhone Developer";
				COPY_PHASE_STRIP = NO;
				DEBUG_INFORMATION_FORMAT = "dwarf-with-dsym";
				ENABLE_STRICT_OBJC_MSGSEND = YES;
				GCC_C_LANGUAGE_STANDARD = gnu99;
				GCC_DYNAMIC_NO_PIC = NO;
				GCC_NO_COMMON_BLOCKS = YES;
				GCC_OPTIMIZATION_LEVEL = 0;
				GCC_PREPROCESSOR_DEFINITIONS = (
					"DEBUG=1",
					"$(inherited)",
				);
				GCC_SYMBOLS_PRIVATE_EXTERN = NO;
				GCC_WARN_64_TO_32_BIT_CONVERSION = YES;
				GCC_WARN_ABOUT_RETURN_TYPE = YES_ERROR;
				GCC_WARN_UNDECLARED_SELECTOR = YES;
				GCC_WARN_UNINITIALIZED_AUTOS = YES_AGGRESSIVE;
				GCC_WARN_UNUSED_FUNCTION = YES;
				GCC_WARN_UNUSED_VARIABLE = YES;
				IPHONEOS_DEPLOYMENT_TARGET = 8.3;
				MTL_ENABLE_DEBUG_INFO = YES;
				ONLY_ACTIVE_ARCH = YES;
				SDKROOT = iphoneos;
				TARGETED_DEVICE_FAMILY = "1,2";
			};
			name = Debug;
		};
		18CF2BE51B452FFB00288715 /* Release */ = {
			isa = XCBuildConfiguration;
			buildSettings = {
				ALWAYS_SEARCH_USER_PATHS = NO;
				CLANG_CXX_LANGUAGE_STANDARD = "gnu++0x";
				CLANG_CXX_LIBRARY = "libc++";
				CLANG_ENABLE_MODULES = YES;
				CLANG_ENABLE_OBJC_ARC = YES;
				CLANG_WARN_BOOL_CONVERSION = YES;
				CLANG_WARN_CONSTANT_CONVERSION = YES;
				CLANG_WARN_DIRECT_OBJC_ISA_USAGE = YES_ERROR;
				CLANG_WARN_EMPTY_BODY = YES;
				CLANG_WARN_ENUM_CONVERSION = YES;
				CLANG_WARN_INT_CONVERSION = YES;
				CLANG_WARN_OBJC_ROOT_CLASS = YES_ERROR;
				CLANG_WARN_UNREACHABLE_CODE = YES;
				CLANG_WARN__DUPLICATE_METHOD_MATCH = YES;
				"CODE_SIGN_IDENTITY[sdk=iphoneos*]" = "iPhone Developer";
				COPY_PHASE_STRIP = NO;
				DEBUG_INFORMATION_FORMAT = "dwarf-with-dsym";
				ENABLE_NS_ASSERTIONS = NO;
				ENABLE_STRICT_OBJC_MSGSEND = YES;
				GCC_C_LANGUAGE_STANDARD = gnu99;
				GCC_NO_COMMON_BLOCKS = YES;
				GCC_WARN_64_TO_32_BIT_CONVERSION = YES;
				GCC_WARN_ABOUT_RETURN_TYPE = YES_ERROR;
				GCC_WARN_UNDECLARED_SELECTOR = YES;
				GCC_WARN_UNINITIALIZED_AUTOS = YES_AGGRESSIVE;
				GCC_WARN_UNUSED_FUNCTION = YES;
				GCC_WARN_UNUSED_VARIABLE = YES;
				IPHONEOS_DEPLOYMENT_TARGET = 8.3;
				MTL_ENABLE_DEBUG_INFO = NO;
				SDKROOT = iphoneos;
				TARGETED_DEVICE_FAMILY = "1,2";
				VALIDATE_PRODUCT = YES;
			};
			name = Release;
		};
		18CF2BE71B452FFB00288715 /* Debug */ = {
			isa = XCBuildConfiguration;
			buildSettings = {
				ASSETCATALOG_COMPILER_APPICON_NAME = AppIcon;
				FRAMEWORK_SEARCH_PATHS = (
					"$(inherited)",
					"$(PROJECT_DIR)",
				);
				INFOPLIST_FILE = images/Info.plist;
				LD_RUNPATH_SEARCH_PATHS = "$(inherited) @executable_path/Frameworks";
				PRODUCT_NAME = "$(TARGET_NAME)";
				TARGETED_DEVICE_FAMILY = "1,2";
			};
			name = Debug;
		};
		18CF2BE81B452FFB00288715 /* Release */ = {
			isa = XCBuildConfiguration;
			buildSettings = {
				ASSETCATALOG_COMPILER_APPICON_NAME = AppIcon;
				FRAMEWORK_SEARCH_PATHS = (
					"$(inherited)",
					"$(PROJECT_DIR)",
				);
				INFOPLIST_FILE = images/Info.plist;
				LD_RUNPATH_SEARCH_PATHS = "$(inherited) @executable_path/Frameworks";
				PRODUCT_NAME = "$(TARGET_NAME)";
				TARGETED_DEVICE_FAMILY = "1,2";
			};
			name = Release;
		};
		18CF2BEA1B452FFB00288715 /* Debug */ = {
			isa = XCBuildConfiguration;
			buildSettings = {
				BUNDLE_LOADER = "$(TEST_HOST)";
				FRAMEWORK_SEARCH_PATHS = (
					"$(SDKROOT)/Developer/Library/Frameworks",
					"$(inherited)",
				);
				GCC_PREPROCESSOR_DEFINITIONS = (
					"DEBUG=1",
					"$(inherited)",
				);
				INFOPLIST_FILE = imagesTests/Info.plist;
				LD_RUNPATH_SEARCH_PATHS = "$(inherited) @executable_path/Frameworks @loader_path/Frameworks";
				PRODUCT_NAME = "$(TARGET_NAME)";
				TEST_HOST = "$(BUILT_PRODUCTS_DIR)/images.app/images";
			};
			name = Debug;
		};
		18CF2BEB1B452FFB00288715 /* Release */ = {
			isa = XCBuildConfiguration;
			buildSettings = {
				BUNDLE_LOADER = "$(TEST_HOST)";
				FRAMEWORK_SEARCH_PATHS = (
					"$(SDKROOT)/Developer/Library/Frameworks",
					"$(inherited)",
				);
				INFOPLIST_FILE = imagesTests/Info.plist;
				LD_RUNPATH_SEARCH_PATHS = "$(inherited) @executable_path/Frameworks @loader_path/Frameworks";
				PRODUCT_NAME = "$(TARGET_NAME)";
				TEST_HOST = "$(BUILT_PRODUCTS_DIR)/images.app/images";
			};
			name = Release;
		};
/* End XCBuildConfiguration section */

/* Begin XCConfigurationList section */
		18CF2BBB1B452FFA00288715 /* Build configuration list for PBXProject "images" */ = {
			isa = XCConfigurationList;
			buildConfigurations = (
				18CF2BE41B452FFB00288715 /* Debug */,
				18CF2BE51B452FFB00288715 /* Release */,
			);
			defaultConfigurationIsVisible = 0;
			defaultConfigurationName = Release;
		};
		18CF2BE61B452FFB00288715 /* Build configuration list for PBXNativeTarget "images" */ = {
			isa = XCConfigurationList;
			buildConfigurations = (
				18CF2BE71B452FFB00288715 /* Debug */,
				18CF2BE81B452FFB00288715 /* Release */,
			);
			defaultConfigurationIsVisible = 0;
			defaultConfigurationName = Release;
		};
		18CF2BE91B452FFB00288715 /* Build configuration list for PBXNativeTarget "imagesTests" */ = {
			isa = XCConfigurationList;
			buildConfigurations = (
				18CF2BEA1B452FFB00288715 /* Debug */,
				18CF2BEB1B452FFB00288715 /* Release */,
			);
			defaultConfigurationIsVisible = 0;
			defaultConfigurationName = Release;
		};
/* End XCConfigurationList section */
	};
	rootObject = 18CF2BB81B452FFA00288715 /* Project object */;
}
